hash: 89d9e98c284e72cfcd44c1ce60d76f7da7411f4a2f1f56e8eff22765c22d944d
updated: 2016-06-25T11:33:17.240986205+01:00
imports:
- name: github.com/bsm/strset
  version: a67388d9eb5fb9cb7440acf741737887cdcc484d
- name: gopkg.in/bsm/ratelimit.v1
  version: db14e161995a5177acef654cb0dd785e8ee8bc22
- name: gopkg.in/redis.v3
  version: a905127dc89ca51a241eacf70757a40423ab93d0
  subpackages:
  - internal
  - internal/consistenthash
  - internal/hashtag
  - internal/pool
testImports:
- name: github.com/golang/protobuf
  version: 0c1f6d65b5a189c2250d10e71a5506f06f9fa0a0
  subpackages:
  - proto
  - proto/testdata
  - ptypes/any
- name: github.com/onsi/ginkgo
  version: 059cec02d342bab423425a99b191186a03255e9e
  subpackages:
  - config
  - internal/codelocation
  - internal/failer
  - internal/remote
  - internal/suite
  - internal/testingtproxy
  - internal/writer
  - reporters
  - reporters/stenographer
  - types
  - ginkgo/convert
  - ginkgo/interrupthandler
  - ginkgo/nodot
  - ginkgo/testrunner
  - ginkgo/testsuite
  - ginkgo/watch
  - internal/leafnodes
- name: github.com/onsi/gomega
  version: 0df7b7fdb38123c12a1f569f0affb2c2a7bd72cf
  subpackages:
  - internal/assertion
  - internal/asyncassertion
  - internal/testingtsupport
  - matchers
  - types
  - internal/oraclematcher
  - matchers/support/goraph/bipartitegraph
  - matchers/support/goraph/edge
  - matchers/support/goraph/node
  - matchers/support/goraph/util
- name: gopkg.in/yaml.v2
  version: a83829b6f1293c91addabc89d0571c246397bbf4
