hash: 743c2ac5cb40d5f507e98548ec858e3c82555b96a841fa83b4e0f6bcfe77ceff
updated: 2017-03-30T12:07:26.479821621+01:00
imports:
- name: github.com/bsm/strset
  version: a67388d9eb5fb9cb7440acf741737887cdcc484d
- name: github.com/go-redis/redis
  version: 12c49831d7aa36232d54429fe269525a54c07c88
  subpackages:
  - internal
  - internal/consistenthash
  - internal/hashtag
  - internal/pool
  - internal/proto
testImports:
- name: github.com/onsi/ginkgo
  version: bb93381d543b0e5725244abe752214a110791d01
  subpackages:
  - config
  - internal/codelocation
  - internal/containernode
  - internal/failer
  - internal/leafnodes
  - internal/remote
  - internal/spec
  - internal/specrunner
  - internal/suite
  - internal/testingtproxy
  - internal/writer
  - reporters
  - reporters/stenographer
  - reporters/stenographer/support/go-colorable
  - reporters/stenographer/support/go-isatty
  - types
- name: github.com/onsi/gomega
  version: c463cd2a8578290d4be7a25cba69de81cf35785e
  subpackages:
  - format
  - internal/assertion
  - internal/asyncassertion
  - internal/oraclematcher
  - internal/testingtsupport
  - matchers
  - matchers/support/goraph/bipartitegraph
  - matchers/support/goraph/edge
  - matchers/support/goraph/node
  - matchers/support/goraph/util
  - types
- name: golang.org/x/sys
  version: 76cc09b634294339fa19ec41b5f2a0b3932cea8b
  subpackages:
  - unix
- name: gopkg.in/yaml.v2
  version: a3f3340b5840cee44f372bddb5880fcbc419b46a
