hash: fa8f7411084d5f8d70212491af52f2b4a1ced5d1b5c2304c77c1947faa436c06
updated: 2016-09-12T11:03:14.247491223+01:00
imports:
- name: github.com/bsm/strset
  version: a67388d9eb5fb9cb7440acf741737887cdcc484d
- name: gopkg.in/bsm/ratelimit.v1
  version: db14e161995a5177acef654cb0dd785e8ee8bc22
- name: gopkg.in/redis.v4
  version: 4b0862b5fd0a5ae4e63c76476a64655752d6031b
  subpackages:
  - internal
  - internal/consistenthash
  - internal/errors
  - internal/hashtag
  - internal/pool
  - internal/proto
testImports:
- name: github.com/onsi/ginkgo
  version: ""
- name: github.com/onsi/gomega
  version: ""
